// !$*UTF8*$!
{
	archiveVersion = 1;
	classes = {
	};
	objectVersion = 51;
	objects = {

/* Begin PBXBuildFile section */
		466A6A091D0425824F03DF1B /* Pods_IoT.framework in Frameworks */ = {isa = PBXBuildFile; fileRef = 55EFE161BCCF1B7EEAD6ACFD /* Pods_IoT.framework */; };
		6114B6A023D444D500E4C155 /* HomeViewController.swift in Sources */ = {isa = PBXBuildFile; fileRef = 6114B69F23D444D500E4C155 /* HomeViewController.swift */; };
		6114B6A223D4471800E4C155 /* UserProfileViewController.swift in Sources */ = {isa = PBXBuildFile; fileRef = 6114B6A123D4471800E4C155 /* UserProfileViewController.swift */; };
		6121719423D43DED005225A3 /* AppDelegate.swift in Sources */ = {isa = PBXBuildFile; fileRef = 6121719323D43DED005225A3 /* AppDelegate.swift */; };
		6121719623D43DED005225A3 /* SceneDelegate.swift in Sources */ = {isa = PBXBuildFile; fileRef = 6121719523D43DED005225A3 /* SceneDelegate.swift */; };
		6121719D23D43DEF005225A3 /* Assets.xcassets in Resources */ = {isa = PBXBuildFile; fileRef = 6121719C23D43DEF005225A3 /* Assets.xcassets */; };
		612171A023D43DEF005225A3 /* LaunchScreen.storyboard in Resources */ = {isa = PBXBuildFile; fileRef = 6121719E23D43DEF005225A3 /* LaunchScreen.storyboard */; };
		612171A823D44147005225A3 /* MainTabBarViewController.swift in Sources */ = {isa = PBXBuildFile; fileRef = 612171A723D44147005225A3 /* MainTabBarViewController.swift */; };
		6163A5C823D4515400F06158 /* CollectionViewCell.swift in Sources */ = {isa = PBXBuildFile; fileRef = 6163A5C723D4515400F06158 /* CollectionViewCell.swift */; };
		6163A5CB23D45A6800F06158 /* AddDeviceViewController.swift in Sources */ = {isa = PBXBuildFile; fileRef = 6163A5CA23D45A6800F06158 /* AddDeviceViewController.swift */; };
/* End PBXBuildFile section */

/* Begin PBXFileReference section */
		010FF02843387E84AF46C1FE /* Pods-IoT.release.xcconfig */ = {isa = PBXFileReference; includeInIndex = 1; lastKnownFileType = text.xcconfig; name = "Pods-IoT.release.xcconfig"; path = "Target Support Files/Pods-IoT/Pods-IoT.release.xcconfig"; sourceTree = "<group>"; };
		55EFE161BCCF1B7EEAD6ACFD /* Pods_IoT.framework */ = {isa = PBXFileReference; explicitFileType = wrapper.framework; includeInIndex = 0; path = Pods_IoT.framework; sourceTree = BUILT_PRODUCTS_DIR; };
		6114B69F23D444D500E4C155 /* HomeViewController.swift */ = {isa = PBXFileReference; lastKnownFileType = sourcecode.swift; path = HomeViewController.swift; sourceTree = "<group>"; };
		6114B6A123D4471800E4C155 /* UserProfileViewController.swift */ = {isa = PBXFileReference; lastKnownFileType = sourcecode.swift; path = UserProfileViewController.swift; sourceTree = "<group>"; };
		6121719023D43DED005225A3 /* IoT.app */ = {isa = PBXFileReference; explicitFileType = wrapper.application; includeInIndex = 0; path = IoT.app; sourceTree = BUILT_PRODUCTS_DIR; };
		6121719323D43DED005225A3 /* AppDelegate.swift */ = {isa = PBXFileReference; lastKnownFileType = sourcecode.swift; path = AppDelegate.swift; sourceTree = "<group>"; };
		6121719523D43DED005225A3 /* SceneDelegate.swift */ = {isa = PBXFileReference; lastKnownFileType = sourcecode.swift; path = SceneDelegate.swift; sourceTree = "<group>"; };
		6121719C23D43DEF005225A3 /* Assets.xcassets */ = {isa = PBXFileReference; lastKnownFileType = folder.assetcatalog; path = Assets.xcassets; sourceTree = "<group>"; };
		6121719F23D43DEF005225A3 /* Base */ = {isa = PBXFileReference; lastKnownFileType = file.storyboard; name = Base; path = Base.lproj/LaunchScreen.storyboard; sourceTree = "<group>"; };
		612171A123D43DEF005225A3 /* Info.plist */ = {isa = PBXFileReference; lastKnownFileType = text.plist.xml; path = Info.plist; sourceTree = "<group>"; };
		612171A723D44147005225A3 /* MainTabBarViewController.swift */ = {isa = PBXFileReference; lastKnownFileType = sourcecode.swift; path = MainTabBarViewController.swift; sourceTree = "<group>"; };
		6163A5C723D4515400F06158 /* CollectionViewCell.swift */ = {isa = PBXFileReference; lastKnownFileType = sourcecode.swift; path = CollectionViewCell.swift; sourceTree = "<group>"; };
		6163A5CA23D45A6800F06158 /* AddDeviceViewController.swift */ = {isa = PBXFileReference; lastKnownFileType = sourcecode.swift; name = AddDeviceViewController.swift; path = IoT/Views/AddDeviceViewController.swift; sourceTree = SOURCE_ROOT; };
		C361152A17FF0745B2FA3648 /* Pods-IoT.debug.xcconfig */ = {isa = PBXFileReference; includeInIndex = 1; lastKnownFileType = text.xcconfig; name = "Pods-IoT.debug.xcconfig"; path = "Target Support Files/Pods-IoT/Pods-IoT.debug.xcconfig"; sourceTree = "<group>"; };
/* End PBXFileReference section */

/* Begin PBXFrameworksBuildPhase section */
		6121718D23D43DED005225A3 /* Frameworks */ = {
			isa = PBXFrameworksBuildPhase;
			buildActionMask = 2147483647;
			files = (
				466A6A091D0425824F03DF1B /* Pods_IoT.framework in Frameworks */,
			);
			runOnlyForDeploymentPostprocessing = 0;
		};
/* End PBXFrameworksBuildPhase section */

/* Begin PBXGroup section */
		6114B6A323D449A900E4C155 /* Main Tab Bar */ = {
			isa = PBXGroup;
			children = (
				612171A723D44147005225A3 /* MainTabBarViewController.swift */,
			);
			path = "Main Tab Bar";
			sourceTree = "<group>";
		};
		6114B6A423D449B200E4C155 /* Home */ = {
			isa = PBXGroup;
			children = (
				6114B69F23D444D500E4C155 /* HomeViewController.swift */,
				6163A5C723D4515400F06158 /* CollectionViewCell.swift */,
			);
			path = Home;
			sourceTree = "<group>";
		};
		6114B6A523D449BB00E4C155 /* User Profile */ = {
			isa = PBXGroup;
			children = (
				6114B6A123D4471800E4C155 /* UserProfileViewController.swift */,
			);
			path = "User Profile";
			sourceTree = "<group>";
		};
		6121718723D43DED005225A3 = {
			isa = PBXGroup;
			children = (
				6121719223D43DED005225A3 /* IoT */,
				6121719123D43DED005225A3 /* Products */,
				D4AB20091BDAF2B7F012315F /* Pods */,
				FBFDD2353FE02C39BC6C8E21 /* Frameworks */,
			);
			sourceTree = "<group>";
		};
		6121719123D43DED005225A3 /* Products */ = {
			isa = PBXGroup;
			children = (
				6121719023D43DED005225A3 /* IoT.app */,
			);
			name = Products;
			sourceTree = "<group>";
		};
		6121719223D43DED005225A3 /* IoT */ = {
			isa = PBXGroup;
			children = (
				612171AC23D441A3005225A3 /* Application */,
				612171AB23D4418E005225A3 /* Views */,
				612171AA23D44182005225A3 /* Resources */,
				612171A923D4416C005225A3 /* Supporting Files */,
				612171A123D43DEF005225A3 /* Info.plist */,
			);
			path = IoT;
			sourceTree = "<group>";
		};
		612171A923D4416C005225A3 /* Supporting Files */ = {
			isa = PBXGroup;
			children = (
				6121719E23D43DEF005225A3 /* LaunchScreen.storyboard */,
			);
			path = "Supporting Files";
			sourceTree = "<group>";
		};
		612171AA23D44182005225A3 /* Resources */ = {
			isa = PBXGroup;
			children = (
				6121719C23D43DEF005225A3 /* Assets.xcassets */,
			);
			path = Resources;
			sourceTree = "<group>";
		};
		612171AB23D4418E005225A3 /* Views */ = {
			isa = PBXGroup;
			children = (
				6163A5C923D45A4900F06158 /* Add Device */,
				6114B6A523D449BB00E4C155 /* User Profile */,
				6114B6A423D449B200E4C155 /* Home */,
				6114B6A323D449A900E4C155 /* Main Tab Bar */,
			);
			path = Views;
			sourceTree = "<group>";
		};
		612171AC23D441A3005225A3 /* Application */ = {
			isa = PBXGroup;
			children = (
				6121719323D43DED005225A3 /* AppDelegate.swift */,
				6121719523D43DED005225A3 /* SceneDelegate.swift */,
			);
			path = Application;
			sourceTree = "<group>";
		};
		6163A5C923D45A4900F06158 /* Add Device */ = {
			isa = PBXGroup;
			children = (
				6163A5CA23D45A6800F06158 /* AddDeviceViewController.swift */,
			);
			path = "Add Device";
			sourceTree = "<group>";
		};
		D4AB20091BDAF2B7F012315F /* Pods */ = {
			isa = PBXGroup;
			children = (
				C361152A17FF0745B2FA3648 /* Pods-IoT.debug.xcconfig */,
				010FF02843387E84AF46C1FE /* Pods-IoT.release.xcconfig */,
			);
			path = Pods;
			sourceTree = "<group>";
		};
		FBFDD2353FE02C39BC6C8E21 /* Frameworks */ = {
			isa = PBXGroup;
			children = (
				55EFE161BCCF1B7EEAD6ACFD /* Pods_IoT.framework */,
			);
			name = Frameworks;
			sourceTree = "<group>";
		};
/* End PBXGroup section */

/* Begin PBXNativeTarget section */
		6121718F23D43DED005225A3 /* IoT */ = {
			isa = PBXNativeTarget;
			buildConfigurationList = 612171A423D43DEF005225A3 /* Build configuration list for PBXNativeTarget "IoT" */;
			buildPhases = (
				15BB3D4FA3F191C831933178 /* [CP] Check Pods Manifest.lock */,
				6121718C23D43DED005225A3 /* Sources */,
				6121718D23D43DED005225A3 /* Frameworks */,
				6121718E23D43DED005225A3 /* Resources */,
				730847F5C23BB0D6F575C594 /* [CP] Embed Pods Frameworks */,
			);
			buildRules = (
			);
			dependencies = (
			);
			name = IoT;
			productName = IoT;
			productReference = 6121719023D43DED005225A3 /* IoT.app */;
			productType = "com.apple.product-type.application";
		};
/* End PBXNativeTarget section */

/* Begin PBXProject section */
		6121718823D43DED005225A3 /* Project object */ = {
			isa = PBXProject;
			attributes = {
				LastSwiftUpdateCheck = 1130;
				LastUpgradeCheck = 1130;
				ORGANIZATIONNAME = "Mateusz Bąk";
				TargetAttributes = {
					6121718F23D43DED005225A3 = {
						CreatedOnToolsVersion = 11.3.1;
					};
				};
			};
			buildConfigurationList = 6121718B23D43DED005225A3 /* Build configuration list for PBXProject "IoT" */;
			compatibilityVersion = "Xcode 9.3";
			developmentRegion = en;
			hasScannedForEncodings = 0;
			knownRegions = (
				en,
				Base,
			);
			mainGroup = 6121718723D43DED005225A3;
			productRefGroup = 6121719123D43DED005225A3 /* Products */;
			projectDirPath = "";
			projectRoot = "";
			targets = (
				6121718F23D43DED005225A3 /* IoT */,
			);
		};
/* End PBXProject section */

/* Begin PBXResourcesBuildPhase section */
		6121718E23D43DED005225A3 /* Resources */ = {
			isa = PBXResourcesBuildPhase;
			buildActionMask = 2147483647;
			files = (
				612171A023D43DEF005225A3 /* LaunchScreen.storyboard in Resources */,
				6121719D23D43DEF005225A3 /* Assets.xcassets in Resources */,
			);
			runOnlyForDeploymentPostprocessing = 0;
		};
/* End PBXResourcesBuildPhase section */

/* Begin PBXShellScriptBuildPhase section */
		15BB3D4FA3F191C831933178 /* [CP] Check Pods Manifest.lock */ = {
			isa = PBXShellScriptBuildPhase;
			buildActionMask = 2147483647;
			files = (
			);
			inputFileListPaths = (
			);
			inputPaths = (
				"${PODS_PODFILE_DIR_PATH}/Podfile.lock",
				"${PODS_ROOT}/Manifest.lock",
			);
			name = "[CP] Check Pods Manifest.lock";
			outputFileListPaths = (
			);
			outputPaths = (
				"$(DERIVED_FILE_DIR)/Pods-IoT-checkManifestLockResult.txt",
			);
			runOnlyForDeploymentPostprocessing = 0;
			shellPath = /bin/sh;
			shellScript = "diff \"${PODS_PODFILE_DIR_PATH}/Podfile.lock\" \"${PODS_ROOT}/Manifest.lock\" > /dev/null\nif [ $? != 0 ] ; then\n    # print error to STDERR\n    echo \"error: The sandbox is not in sync with the Podfile.lock. Run 'pod install' or update your CocoaPods installation.\" >&2\n    exit 1\nfi\n# This output is used by Xcode 'outputs' to avoid re-running this script phase.\necho \"SUCCESS\" > \"${SCRIPT_OUTPUT_FILE_0}\"\n";
			showEnvVarsInLog = 0;
		};
		730847F5C23BB0D6F575C594 /* [CP] Embed Pods Frameworks */ = {
			isa = PBXShellScriptBuildPhase;
			buildActionMask = 2147483647;
			files = (
			);
			inputFileListPaths = (
				"${PODS_ROOT}/Target Support Files/Pods-IoT/Pods-IoT-frameworks-${CONFIGURATION}-input-files.xcfilelist",
			);
			name = "[CP] Embed Pods Frameworks";
			outputFileListPaths = (
				"${PODS_ROOT}/Target Support Files/Pods-IoT/Pods-IoT-frameworks-${CONFIGURATION}-output-files.xcfilelist",
			);
			runOnlyForDeploymentPostprocessing = 0;
			shellPath = /bin/sh;
			shellScript = "\"${PODS_ROOT}/Target Support Files/Pods-IoT/Pods-IoT-frameworks.sh\"\n";
			showEnvVarsInLog = 0;
		};
/* End PBXShellScriptBuildPhase section */

/* Begin PBXSourcesBuildPhase section */
		6121718C23D43DED005225A3 /* Sources */ = {
			isa = PBXSourcesBuildPhase;
			buildActionMask = 2147483647;
			files = (
				612171A823D44147005225A3 /* MainTabBarViewController.swift in Sources */,
				6114B6A223D4471800E4C155 /* UserProfileViewController.swift in Sources */,
				6163A5CB23D45A6800F06158 /* AddDeviceViewController.swift in Sources */,
				6163A5C823D4515400F06158 /* CollectionViewCell.swift in Sources */,
				6121719423D43DED005225A3 /* AppDelegate.swift in Sources */,
				6121719623D43DED005225A3 /* SceneDelegate.swift in Sources */,
				6114B6A023D444D500E4C155 /* HomeViewController.swift in Sources */,
			);
			runOnlyForDeploymentPostprocessing = 0;
		};
/* End PBXSourcesBuildPhase section */

/* Begin PBXVariantGroup section */
		6121719E23D43DEF005225A3 /* LaunchScreen.storyboard */ = {
			isa = PBXVariantGroup;
			children = (
				6121719F23D43DEF005225A3 /* Base */,
			);
			name = LaunchScreen.storyboard;
			sourceTree = "<group>";
		};
/* End PBXVariantGroup section */

/* Begin XCBuildConfiguration section */
		612171A223D43DEF005225A3 /* Debug */ = {
			isa = XCBuildConfiguration;
			buildSettings = {
				ALWAYS_SEARCH_USER_PATHS = NO;
				CLANG_ANALYZER_NONNULL = YES;
				CLANG_ANALYZER_NUMBER_OBJECT_CONVERSION = YES_AGGRESSIVE;
				CLANG_CXX_LANGUAGE_STANDARD = "gnu++14";
				CLANG_CXX_LIBRARY = "libc++";
				CLANG_ENABLE_MODULES = YES;
				CLANG_ENABLE_OBJC_ARC = YES;
				CLANG_ENABLE_OBJC_WEAK = YES;
				CLANG_WARN_BLOCK_CAPTURE_AUTORELEASING = YES;
				CLANG_WARN_BOOL_CONVERSION = YES;
				CLANG_WARN_COMMA = YES;
				CLANG_WARN_CONSTANT_CONVERSION = YES;
				CLANG_WARN_DEPRECATED_OBJC_IMPLEMENTATIONS = YES;
				CLANG_WARN_DIRECT_OBJC_ISA_USAGE = YES_ERROR;
				CLANG_WARN_DOCUMENTATION_COMMENTS = YES;
				CLANG_WARN_EMPTY_BODY = YES;
				CLANG_WARN_ENUM_CONVERSION = YES;
				CLANG_WARN_INFINITE_RECURSION = YES;
				CLANG_WARN_INT_CONVERSION = YES;
				CLANG_WARN_NON_LITERAL_NULL_CONVERSION = YES;
				CLANG_WARN_OBJC_IMPLICIT_RETAIN_SELF = YES;
				CLANG_WARN_OBJC_LITERAL_CONVERSION = YES;
				CLANG_WARN_OBJC_ROOT_CLASS = YES_ERROR;
				CLANG_WARN_RANGE_LOOP_ANALYSIS = YES;
				CLANG_WARN_STRICT_PROTOTYPES = YES;
				CLANG_WARN_SUSPICIOUS_MOVE = YES;
				CLANG_WARN_UNGUARDED_AVAILABILITY = YES_AGGRESSIVE;
				CLANG_WARN_UNREACHABLE_CODE = YES;
				CLANG_WARN__DUPLICATE_METHOD_MATCH = YES;
				COPY_PHASE_STRIP = NO;
				DEBUG_INFORMATION_FORMAT = dwarf;
				ENABLE_STRICT_OBJC_MSGSEND = YES;
				ENABLE_TESTABILITY = YES;
				GCC_C_LANGUAGE_STANDARD = gnu11;
				GCC_DYNAMIC_NO_PIC = NO;
				GCC_NO_COMMON_BLOCKS = YES;
				GCC_OPTIMIZATION_LEVEL = 0;
				GCC_PREPROCESSOR_DEFINITIONS = (
					"DEBUG=1",
					"$(inherited)",
				);
				GCC_WARN_64_TO_32_BIT_CONVERSION = YES;
				GCC_WARN_ABOUT_RETURN_TYPE = YES_ERROR;
				GCC_WARN_UNDECLARED_SELECTOR = YES;
				GCC_WARN_UNINITIALIZED_AUTOS = YES_AGGRESSIVE;
				GCC_WARN_UNUSED_FUNCTION = YES;
				GCC_WARN_UNUSED_VARIABLE = YES;
				IPHONEOS_DEPLOYMENT_TARGET = 13.2;
				MTL_ENABLE_DEBUG_INFO = INCLUDE_SOURCE;
				MTL_FAST_MATH = YES;
				ONLY_ACTIVE_ARCH = YES;
				SDKROOT = iphoneos;
				SWIFT_ACTIVE_COMPILATION_CONDITIONS = DEBUG;
				SWIFT_OPTIMIZATION_LEVEL = "-Onone";
			};
			name = Debug;
		};
		612171A323D43DEF005225A3 /* Release */ = {
			isa = XCBuildConfiguration;
			buildSettings = {
				ALWAYS_SEARCH_USER_PATHS = NO;
				CLANG_ANALYZER_NONNULL = YES;
				CLANG_ANALYZER_NUMBER_OBJECT_CONVERSION = YES_AGGRESSIVE;
				CLANG_CXX_LANGUAGE_STANDARD = "gnu++14";
				CLANG_CXX_LIBRARY = "libc++";
				CLANG_ENABLE_MODULES = YES;
				CLANG_ENABLE_OBJC_ARC = YES;
				CLANG_ENABLE_OBJC_WEAK = YES;
				CLANG_WARN_BLOCK_CAPTURE_AUTORELEASING = YES;
				CLANG_WARN_BOOL_CONVERSION = YES;
				CLANG_WARN_COMMA = YES;
				CLANG_WARN_CONSTANT_CONVERSION = YES;
				CLANG_WARN_DEPRECATED_OBJC_IMPLEMENTATIONS = YES;
				CLANG_WARN_DIRECT_OBJC_ISA_USAGE = YES_ERROR;
				CLANG_WARN_DOCUMENTATION_COMMENTS = YES;
				CLANG_WARN_EMPTY_BODY = YES;
				CLANG_WARN_ENUM_CONVERSION = YES;
				CLANG_WARN_INFINITE_RECURSION = YES;
				CLANG_WARN_INT_CONVERSION = YES;
				CLANG_WARN_NON_LITERAL_NULL_CONVERSION = YES;
				CLANG_WARN_OBJC_IMPLICIT_RETAIN_SELF = YES;
				CLANG_WARN_OBJC_LITERAL_CONVERSION = YES;
				CLANG_WARN_OBJC_ROOT_CLASS = YES_ERROR;
				CLANG_WARN_RANGE_LOOP_ANALYSIS = YES;
				CLANG_WARN_STRICT_PROTOTYPES = YES;
				CLANG_WARN_SUSPICIOUS_MOVE = YES;
				CLANG_WARN_UNGUARDED_AVAILABILITY = YES_AGGRESSIVE;
				CLANG_WARN_UNREACHABLE_CODE = YES;
				CLANG_WARN__DUPLICATE_METHOD_MATCH = YES;
				COPY_PHASE_STRIP = NO;
				DEBUG_INFORMATION_FORMAT = "dwarf-with-dsym";
				ENABLE_NS_ASSERTIONS = NO;
				ENABLE_STRICT_OBJC_MSGSEND = YES;
				GCC_C_LANGUAGE_STANDARD = gnu11;
				GCC_NO_COMMON_BLOCKS = YES;
				GCC_WARN_64_TO_32_BIT_CONVERSION = YES;
				GCC_WARN_ABOUT_RETURN_TYPE = YES_ERROR;
				GCC_WARN_UNDECLARED_SELECTOR = YES;
				GCC_WARN_UNINITIALIZED_AUTOS = YES_AGGRESSIVE;
				GCC_WARN_UNUSED_FUNCTION = YES;
				GCC_WARN_UNUSED_VARIABLE = YES;
				IPHONEOS_DEPLOYMENT_TARGET = 13.2;
				MTL_ENABLE_DEBUG_INFO = NO;
				MTL_FAST_MATH = YES;
				SDKROOT = iphoneos;
				SWIFT_COMPILATION_MODE = wholemodule;
				SWIFT_OPTIMIZATION_LEVEL = "-O";
				VALIDATE_PRODUCT = YES;
			};
			name = Release;
		};
		612171A523D43DEF005225A3 /* Debug */ = {
			isa = XCBuildConfiguration;
			baseConfigurationReference = C361152A17FF0745B2FA3648 /* Pods-IoT.debug.xcconfig */;
			buildSettings = {
				ASSETCATALOG_COMPILER_APPICON_NAME = AppIcon;
				CODE_SIGN_STYLE = Automatic;
				DEVELOPMENT_TEAM = 9RSVCT9A9H;
				INFOPLIST_FILE = IoT/Info.plist;
				IPHONEOS_DEPLOYMENT_TARGET = 13.0;
				LD_RUNPATH_SEARCH_PATHS = (
					"$(inherited)",
					"@executable_path/Frameworks",
				);
				PRODUCT_BUNDLE_IDENTIFIER = com.bak.IoT;
				PRODUCT_NAME = "$(TARGET_NAME)";
				SWIFT_VERSION = 5.0;
				TARGETED_DEVICE_FAMILY = "1,2";
			};
			name = Debug;
		};
		612171A623D43DEF005225A3 /* Release */ = {
			isa = XCBuildConfiguration;
			baseConfigurationReference = 010FF02843387E84AF46C1FE /* Pods-IoT.release.xcconfig */;
			buildSettings = {
				ASSETCATALOG_COMPILER_APPICON_NAME = AppIcon;
				CODE_SIGN_STYLE = Automatic;
				DEVELOPMENT_TEAM = 9RSVCT9A9H;
				INFOPLIST_FILE = IoT/Info.plist;
				IPHONEOS_DEPLOYMENT_TARGET = 13.0;
				LD_RUNPATH_SEARCH_PATHS = (
					"$(inherited)",
					"@executable_path/Frameworks",
				);
				PRODUCT_BUNDLE_IDENTIFIER = com.bak.IoT;
				PRODUCT_NAME = "$(TARGET_NAME)";
				SWIFT_VERSION = 5.0;
				TARGETED_DEVICE_FAMILY = "1,2";
			};
			name = Release;
		};
/* End XCBuildConfiguration section */

/* Begin XCConfigurationList section */
		6121718B23D43DED005225A3 /* Build configuration list for PBXProject "IoT" */ = {
			isa = XCConfigurationList;
			buildConfigurations = (
				612171A223D43DEF005225A3 /* Debug */,
				612171A323D43DEF005225A3 /* Release */,
			);
			defaultConfigurationIsVisible = 0;
			defaultConfigurationName = Release;
		};
		612171A423D43DEF005225A3 /* Build configuration list for PBXNativeTarget "IoT" */ = {
			isa = XCConfigurationList;
			buildConfigurations = (
				612171A523D43DEF005225A3 /* Debug */,
				612171A623D43DEF005225A3 /* Release */,
			);
			defaultConfigurationIsVisible = 0;
			defaultConfigurationName = Release;
		};
/* End XCConfigurationList section */
	};
	rootObject = 6121718823D43DED005225A3 /* Project object */;
}
